
Microsoft Visual Studio Solution File, Format Version 12.00
# Visual Studio Version 17
VisualStudioVersion = 17.1.32319.34
MinimumVisualStudioVersion = 10.0.40219.1
Project("{FAE04EC0-301F-11D3-BF4B-00C04F79EFBC}") = "AzureServiceBusApp", "AzureServiceBusApp\AzureServiceBusApp.csproj", "{1848547F-D5AB-44C2-BA1E-95373007FA25}"
EndProject
Project("{FAE04EC0-301F-11D3-BF4B-00C04F79EFBC}") = "AzureHelper", "AzureHelper\AzureHelper.csproj", "{129FC5EC-A8D6-419D-BFF0-A459C2BA872D}"
EndProject
Global
	GlobalSection(SolutionConfigurationPlatforms) = preSolution
		Debug|Any CPU = Debug|Any CPU
		Release|Any CPU = Release|Any CPU
	EndGlobalSection
	GlobalSection(ProjectConfigurationPlatforms) = postSolution
		{1848547F-D5AB-44C2-BA1E-95373007FA25}.Debug|Any CPU.ActiveCfg = Debug|Any CPU
		{1848547F-D5AB-44C2-BA1E-95373007FA25}.Debug|Any CPU.Build.0 = Debug|Any CPU
		{1848547F-D5AB-44C2-BA1E-95373007FA25}.Release|Any CPU.ActiveCfg = Release|Any CPU
		{1848547F-D5AB-44C2-BA1E-95373007FA25}.Release|Any CPU.Build.0 = Release|Any CPU
		{129FC5EC-A8D6-419D-BFF0-A459C2BA872D}.Debug|Any CPU.ActiveCfg = Debug|Any CPU
		{129FC5EC-A8D6-419D-BFF0-A459C2BA872D}.Debug|Any CPU.Build.0 = Debug|Any CPU
		{129FC5EC-A8D6-419D-BFF0-A459C2BA872D}.Release|Any CPU.ActiveCfg = Release|Any CPU
		{129FC5EC-A8D6-419D-BFF0-A459C2BA872D}.Release|Any CPU.Build.0 = Release|Any CPU
	EndGlobalSection
	GlobalSection(SolutionProperties) = preSolution
		HideSolutionNode = FALSE
	EndGlobalSection
	GlobalSection(ExtensibilityGlobals) = postSolution
		SolutionGuid = {59C817C4-966F-4F4D-8B05-02E51A731DB1}
	EndGlobalSection
EndGlobal
